
Microsoft Visual Studio Solution File, Format Version 12.00
# Visual Studio Version 17
VisualStudioVersion = 17.14.36518.9
MinimumVisualStudioVersion = 10.0.40219.1
Project("{2150E333-8FDC-42A3-9474-1A3956D46DE8}") = "src", "src", "{827E0CD3-B72D-47B6-A68D-7590B98EB39B}"
EndProject
Project("{2150E333-8FDC-42A3-9474-1A3956D46DE8}") = "Core", "Core", "{8D626EA8-CB54-BC41-363A-217881BEBA6E}"
EndProject
Project("{FAE04EC0-301F-11D3-BF4B-00C04F79EFBC}") = "Core.Application", "src\Core\Core.Application\Core.Application.csproj", "{E8420FA8-63ED-40DE-A9CF-057757D2C411}"
EndProject
Project("{FAE04EC0-301F-11D3-BF4B-00C04F79EFBC}") = "Core.Domain", "src\Core\Core.Domain\Core.Domain.csproj", "{00EF7E6C-FB00-45C6-B431-20DD35D75E12}"
EndProject
Project("{FAE04EC0-301F-11D3-BF4B-00C04F79EFBC}") = "Core.Infrastructure", "src\Core\Core.Infrastructure\Core.Infrastructure.csproj", "{51337C8A-EA92-427D-A47F-191B84A1515E}"
EndProject
Project("{FAE04EC0-301F-11D3-BF4B-00C04F79EFBC}") = "Core.Persistence", "src\Core\Core.Persistence\Core.Persistence.csproj", "{BC4F62A8-8525-4E8A-B30D-064A0624EA3F}"
EndProject
Project("{FAE04EC0-301F-11D3-BF4B-00C04F79EFBC}") = "Core.Shared", "src\Core\Core.Shared\Core.Shared.csproj", "{6DEE2133-EEAA-4E47-9308-503A136D0728}"
EndProject
Project("{FAE04EC0-301F-11D3-BF4B-00C04F79EFBC}") = "Web", "src\Web\Web.csproj", "{40D90C3A-0204-4426-9D5C-963A836224C7}"
EndProject
Project("{2150E333-8FDC-42A3-9474-1A3956D46DE8}") = "Modules", "Modules", "{EC447DCF-ABFA-6E24-52A5-D7FD48A5C558}"
EndProject
Project("{2150E333-8FDC-42A3-9474-1A3956D46DE8}") = "Identity", "Identity", "{0EC62A1A-9858-3A60-8A0C-FC9AACFA2EC7}"
EndProject
Project("{FAE04EC0-301F-11D3-BF4B-00C04F79EFBC}") = "Identity.Application", "src\Modules\Identity\Identity.Application\Identity.Application.csproj", "{C4883027-D710-44CD-BB8E-3C06DB377C84}"
EndProject
Project("{FAE04EC0-301F-11D3-BF4B-00C04F79EFBC}") = "Identity.Domain", "src\Modules\Identity\Identity.Domain\Identity.Domain.csproj", "{A7F94AE1-9451-4749-8205-1DE26823A14F}"
EndProject
Project("{FAE04EC0-301F-11D3-BF4B-00C04F79EFBC}") = "Identity.Infrastructure", "src\Modules\Identity\Identity.Infrastructure\Identity.Infrastructure.csproj", "{733E63E0-EDAC-4D95-BAE9-CB99FFBFB286}"
EndProject
Project("{FAE04EC0-301F-11D3-BF4B-00C04F79EFBC}") = "Identity.Persistence", "src\Modules\Identity\Identity.Persistence\Identity.Persistence.csproj", "{20466487-E0B2-4DAD-883C-250CD3A9D295}"
EndProject
Project("{FAE04EC0-301F-11D3-BF4B-00C04F79EFBC}") = "Identity.Shared", "src\Modules\Identity\Identity.Shared\Identity.Shared.csproj", "{514F0FDB-6725-4551-AE56-CE3F0CF4EB9F}"
EndProject
Project("{2150E333-8FDC-42A3-9474-1A3956D46DE8}") = "Organization", "Organization", "{DA0BA8AC-146F-3151-8AAB-4B1C3358FD7A}"
EndProject
Project("{FAE04EC0-301F-11D3-BF4B-00C04F79EFBC}") = "Organization.Application", "src\Modules\Organization\Organization.Application\Organization.Application.csproj", "{519775C1-9D9E-4DA8-BEFB-39C8321F03A5}"
EndProject
Project("{FAE04EC0-301F-11D3-BF4B-00C04F79EFBC}") = "Organization.Domain", "src\Modules\Organization\Organization.Domain\Organization.Domain.csproj", "{407CA15E-D75E-4461-93AE-05E228E298BB}"
EndProject
Project("{FAE04EC0-301F-11D3-BF4B-00C04F79EFBC}") = "Organization.Infrastructure", "src\Modules\Organization\Organization.Infrastructure\Organization.Infrastructure.csproj", "{4EB7E10A-3A6F-4E65-A717-878F873DAF3C}"
EndProject
Project("{FAE04EC0-301F-11D3-BF4B-00C04F79EFBC}") = "Organization.Persistence", "src\Modules\Organization\Organization.Persistence\Organization.Persistence.csproj", "{65EA5238-0A41-416A-ADDF-80B9CE6BD99A}"
EndProject
Project("{FAE04EC0-301F-11D3-BF4B-00C04F79EFBC}") = "Organization.Shared", "src\Modules\Organization\Organization.Shared\Organization.Shared.csproj", "{1A12D31C-5185-41F8-A1C2-A1D2C58BF6D0}"
EndProject
Global
	GlobalSection(SolutionConfigurationPlatforms) = preSolution
		Debug|Any CPU = Debug|Any CPU
		Debug|x64 = Debug|x64
		Debug|x86 = Debug|x86
		Release|Any CPU = Release|Any CPU
		Release|x64 = Release|x64
		Release|x86 = Release|x86
	EndGlobalSection
	GlobalSection(ProjectConfigurationPlatforms) = postSolution
		{E8420FA8-63ED-40DE-A9CF-057757D2C411}.Debug|Any CPU.ActiveCfg = Debug|Any CPU
		{E8420FA8-63ED-40DE-A9CF-057757D2C411}.Debug|Any CPU.Build.0 = Debug|Any CPU
		{E8420FA8-63ED-40DE-A9CF-057757D2C411}.Debug|x64.ActiveCfg = Debug|Any CPU
		{E8420FA8-63ED-40DE-A9CF-057757D2C411}.Debug|x64.Build.0 = Debug|Any CPU
		{E8420FA8-63ED-40DE-A9CF-057757D2C411}.Debug|x86.ActiveCfg = Debug|Any CPU
		{E8420FA8-63ED-40DE-A9CF-057757D2C411}.Debug|x86.Build.0 = Debug|Any CPU
		{E8420FA8-63ED-40DE-A9CF-057757D2C411}.Release|Any CPU.ActiveCfg = Release|Any CPU
		{E8420FA8-63ED-40DE-A9CF-057757D2C411}.Release|Any CPU.Build.0 = Release|Any CPU
		{E8420FA8-63ED-40DE-A9CF-057757D2C411}.Release|x64.ActiveCfg = Release|Any CPU
		{E8420FA8-63ED-40DE-A9CF-057757D2C411}.Release|x64.Build.0 = Release|Any CPU
		{E8420FA8-63ED-40DE-A9CF-057757D2C411}.Release|x86.ActiveCfg = Release|Any CPU
		{E8420FA8-63ED-40DE-A9CF-057757D2C411}.Release|x86.Build.0 = Release|Any CPU
		{00EF7E6C-FB00-45C6-B431-20DD35D75E12}.Debug|Any CPU.ActiveCfg = Debug|Any CPU
		{00EF7E6C-FB00-45C6-B431-20DD35D75E12}.Debug|Any CPU.Build.0 = Debug|Any CPU
		{00EF7E6C-FB00-45C6-B431-20DD35D75E12}.Debug|x64.ActiveCfg = Debug|Any CPU
		{00EF7E6C-FB00-45C6-B431-20DD35D75E12}.Debug|x64.Build.0 = Debug|Any CPU
		{00EF7E6C-FB00-45C6-B431-20DD35D75E12}.Debug|x86.ActiveCfg = Debug|Any CPU
		{00EF7E6C-FB00-45C6-B431-20DD35D75E12}.Debug|x86.Build.0 = Debug|Any CPU
		{00EF7E6C-FB00-45C6-B431-20DD35D75E12}.Release|Any CPU.ActiveCfg = Release|Any CPU
		{00EF7E6C-FB00-45C6-B431-20DD35D75E12}.Release|Any CPU.Build.0 = Release|Any CPU
		{00EF7E6C-FB00-45C6-B431-20DD35D75E12}.Release|x64.ActiveCfg = Release|Any CPU
		{00EF7E6C-FB00-45C6-B431-20DD35D75E12}.Release|x64.Build.0 = Release|Any CPU
		{00EF7E6C-FB00-45C6-B431-20DD35D75E12}.Release|x86.ActiveCfg = Release|Any CPU
		{00EF7E6C-FB00-45C6-B431-20DD35D75E12}.Release|x86.Build.0 = Release|Any CPU
		{51337C8A-EA92-427D-A47F-191B84A1515E}.Debug|Any CPU.ActiveCfg = Debug|Any CPU
		{51337C8A-EA92-427D-A47F-191B84A1515E}.Debug|Any CPU.Build.0 = Debug|Any CPU
		{51337C8A-EA92-427D-A47F-191B84A1515E}.Debug|x64.ActiveCfg = Debug|Any CPU
		{51337C8A-EA92-427D-A47F-191B84A1515E}.Debug|x64.Build.0 = Debug|Any CPU
		{51337C8A-EA92-427D-A47F-191B84A1515E}.Debug|x86.ActiveCfg = Debug|Any CPU
		{51337C8A-EA92-427D-A47F-191B84A1515E}.Debug|x86.Build.0 = Debug|Any CPU
		{51337C8A-EA92-427D-A47F-191B84A1515E}.Release|Any CPU.ActiveCfg = Release|Any CPU
		{51337C8A-EA92-427D-A47F-191B84A1515E}.Release|Any CPU.Build.0 = Release|Any CPU
		{51337C8A-EA92-427D-A47F-191B84A1515E}.Release|x64.ActiveCfg = Release|Any CPU
		{51337C8A-EA92-427D-A47F-191B84A1515E}.Release|x64.Build.0 = Release|Any CPU
		{51337C8A-EA92-427D-A47F-191B84A1515E}.Release|x86.ActiveCfg = Release|Any CPU
		{51337C8A-EA92-427D-A47F-191B84A1515E}.Release|x86.Build.0 = Release|Any CPU
		{BC4F62A8-8525-4E8A-B30D-064A0624EA3F}.Debug|Any CPU.ActiveCfg = Debug|Any CPU
		{BC4F62A8-8525-4E8A-B30D-064A0624EA3F}.Debug|Any CPU.Build.0 = Debug|Any CPU
		{BC4F62A8-8525-4E8A-B30D-064A0624EA3F}.Debug|x64.ActiveCfg = Debug|Any CPU
		{BC4F62A8-8525-4E8A-B30D-064A0624EA3F}.Debug|x64.Build.0 = Debug|Any CPU
		{BC4F62A8-8525-4E8A-B30D-064A0624EA3F}.Debug|x86.ActiveCfg = Debug|Any CPU
		{BC4F62A8-8525-4E8A-B30D-064A0624EA3F}.Debug|x86.Build.0 = Debug|Any CPU
		{BC4F62A8-8525-4E8A-B30D-064A0624EA3F}.Release|Any CPU.ActiveCfg = Release|Any CPU
		{BC4F62A8-8525-4E8A-B30D-064A0624EA3F}.Release|Any CPU.Build.0 = Release|Any CPU
		{BC4F62A8-8525-4E8A-B30D-064A0624EA3F}.Release|x64.ActiveCfg = Release|Any CPU
		{BC4F62A8-8525-4E8A-B30D-064A0624EA3F}.Release|x64.Build.0 = Release|Any CPU
		{BC4F62A8-8525-4E8A-B30D-064A0624EA3F}.Release|x86.ActiveCfg = Release|Any CPU
		{BC4F62A8-8525-4E8A-B30D-064A0624EA3F}.Release|x86.Build.0 = Release|Any CPU
		{6DEE2133-EEAA-4E47-9308-503A136D0728}.Debug|Any CPU.ActiveCfg = Debug|Any CPU
		{6DEE2133-EEAA-4E47-9308-503A136D0728}.Debug|Any CPU.Build.0 = Debug|Any CPU
		{6DEE2133-EEAA-4E47-9308-503A136D0728}.Debug|x64.ActiveCfg = Debug|Any CPU
		{6DEE2133-EEAA-4E47-9308-503A136D0728}.Debug|x64.Build.0 = Debug|Any CPU
		{6DEE2133-EEAA-4E47-9308-503A136D0728}.Debug|x86.ActiveCfg = Debug|Any CPU
		{6DEE2133-EEAA-4E47-9308-503A136D0728}.Debug|x86.Build.0 = Debug|Any CPU
		{6DEE2133-EEAA-4E47-9308-503A136D0728}.Release|Any CPU.ActiveCfg = Release|Any CPU
		{6DEE2133-EEAA-4E47-9308-503A136D0728}.Release|Any CPU.Build.0 = Release|Any CPU
		{6DEE2133-EEAA-4E47-9308-503A136D0728}.Release|x64.ActiveCfg = Release|Any CPU
		{6DEE2133-EEAA-4E47-9308-503A136D0728}.Release|x64.Build.0 = Release|Any CPU
		{6DEE2133-EEAA-4E47-9308-503A136D0728}.Release|x86.ActiveCfg = Release|Any CPU
		{6DEE2133-EEAA-4E47-9308-503A136D0728}.Release|x86.Build.0 = Release|Any CPU
		{40D90C3A-0204-4426-9D5C-963A836224C7}.Debug|Any CPU.ActiveCfg = Debug|Any CPU
		{40D90C3A-0204-4426-9D5C-963A836224C7}.Debug|Any CPU.Build.0 = Debug|Any CPU
		{40D90C3A-0204-4426-9D5C-963A836224C7}.Debug|x64.ActiveCfg = Debug|Any CPU
		{40D90C3A-0204-4426-9D5C-963A836224C7}.Debug|x64.Build.0 = Debug|Any CPU
		{40D90C3A-0204-4426-9D5C-963A836224C7}.Debug|x86.ActiveCfg = Debug|Any CPU
		{40D90C3A-0204-4426-9D5C-963A836224C7}.Debug|x86.Build.0 = Debug|Any CPU
		{40D90C3A-0204-4426-9D5C-963A836224C7}.Release|Any CPU.ActiveCfg = Release|Any CPU
		{40D90C3A-0204-4426-9D5C-963A836224C7}.Release|Any CPU.Build.0 = Release|Any CPU
		{40D90C3A-0204-4426-9D5C-963A836224C7}.Release|x64.ActiveCfg = Release|Any CPU
		{40D90C3A-0204-4426-9D5C-963A836224C7}.Release|x64.Build.0 = Release|Any CPU
		{40D90C3A-0204-4426-9D5C-963A836224C7}.Release|x86.ActiveCfg = Release|Any CPU
		{40D90C3A-0204-4426-9D5C-963A836224C7}.Release|x86.Build.0 = Release|Any CPU
		{C4883027-D710-44CD-BB8E-3C06DB377C84}.Debug|Any CPU.ActiveCfg = Debug|Any CPU
		{C4883027-D710-44CD-BB8E-3C06DB377C84}.Debug|Any CPU.Build.0 = Debug|Any CPU
		{C4883027-D710-44CD-BB8E-3C06DB377C84}.Debug|x64.ActiveCfg = Debug|Any CPU
		{C4883027-D710-44CD-BB8E-3C06DB377C84}.Debug|x64.Build.0 = Debug|Any CPU
		{C4883027-D710-44CD-BB8E-3C06DB377C84}.Debug|x86.ActiveCfg = Debug|Any CPU
		{C4883027-D710-44CD-BB8E-3C06DB377C84}.Debug|x86.Build.0 = Debug|Any CPU
		{C4883027-D710-44CD-BB8E-3C06DB377C84}.Release|Any CPU.ActiveCfg = Release|Any CPU
		{C4883027-D710-44CD-BB8E-3C06DB377C84}.Release|Any CPU.Build.0 = Release|Any CPU
		{C4883027-D710-44CD-BB8E-3C06DB377C84}.Release|x64.ActiveCfg = Release|Any CPU
		{C4883027-D710-44CD-BB8E-3C06DB377C84}.Release|x64.Build.0 = Release|Any CPU
		{C4883027-D710-44CD-BB8E-3C06DB377C84}.Release|x86.ActiveCfg = Release|Any CPU
		{C4883027-D710-44CD-BB8E-3C06DB377C84}.Release|x86.Build.0 = Release|Any CPU
		{A7F94AE1-9451-4749-8205-1DE26823A14F}.Debug|Any CPU.ActiveCfg = Debug|Any CPU
		{A7F94AE1-9451-4749-8205-1DE26823A14F}.Debug|Any CPU.Build.0 = Debug|Any CPU
		{A7F94AE1-9451-4749-8205-1DE26823A14F}.Debug|x64.ActiveCfg = Debug|Any CPU
		{A7F94AE1-9451-4749-8205-1DE26823A14F}.Debug|x64.Build.0 = Debug|Any CPU
		{A7F94AE1-9451-4749-8205-1DE26823A14F}.Debug|x86.ActiveCfg = Debug|Any CPU
		{A7F94AE1-9451-4749-8205-1DE26823A14F}.Debug|x86.Build.0 = Debug|Any CPU
		{A7F94AE1-9451-4749-8205-1DE26823A14F}.Release|Any CPU.ActiveCfg = Release|Any CPU
		{A7F94AE1-9451-4749-8205-1DE26823A14F}.Release|Any CPU.Build.0 = Release|Any CPU
		{A7F94AE1-9451-4749-8205-1DE26823A14F}.Release|x64.ActiveCfg = Release|Any CPU
		{A7F94AE1-9451-4749-8205-1DE26823A14F}.Release|x64.Build.0 = Release|Any CPU
		{A7F94AE1-9451-4749-8205-1DE26823A14F}.Release|x86.ActiveCfg = Release|Any CPU
		{A7F94AE1-9451-4749-8205-1DE26823A14F}.Release|x86.Build.0 = Release|Any CPU
		{733E63E0-EDAC-4D95-BAE9-CB99FFBFB286}.Debug|Any CPU.ActiveCfg = Debug|Any CPU
		{733E63E0-EDAC-4D95-BAE9-CB99FFBFB286}.Debug|Any CPU.Build.0 = Debug|Any CPU
		{733E63E0-EDAC-4D95-BAE9-CB99FFBFB286}.Debug|x64.ActiveCfg = Debug|Any CPU
		{733E63E0-EDAC-4D95-BAE9-CB99FFBFB286}.Debug|x64.Build.0 = Debug|Any CPU
		{733E63E0-EDAC-4D95-BAE9-CB99FFBFB286}.Debug|x86.ActiveCfg = Debug|Any CPU
		{733E63E0-EDAC-4D95-BAE9-CB99FFBFB286}.Debug|x86.Build.0 = Debug|Any CPU
		{733E63E0-EDAC-4D95-BAE9-CB99FFBFB286}.Release|Any CPU.ActiveCfg = Release|Any CPU
		{733E63E0-EDAC-4D95-BAE9-CB99FFBFB286}.Release|Any CPU.Build.0 = Release|Any CPU
		{733E63E0-EDAC-4D95-BAE9-CB99FFBFB286}.Release|x64.ActiveCfg = Release|Any CPU
		{733E63E0-EDAC-4D95-BAE9-CB99FFBFB286}.Release|x64.Build.0 = Release|Any CPU
		{733E63E0-EDAC-4D95-BAE9-CB99FFBFB286}.Release|x86.ActiveCfg = Release|Any CPU
		{733E63E0-EDAC-4D95-BAE9-CB99FFBFB286}.Release|x86.Build.0 = Release|Any CPU
		{20466487-E0B2-4DAD-883C-250CD3A9D295}.Debug|Any CPU.ActiveCfg = Debug|Any CPU
		{20466487-E0B2-4DAD-883C-250CD3A9D295}.Debug|Any CPU.Build.0 = Debug|Any CPU
		{20466487-E0B2-4DAD-883C-250CD3A9D295}.Debug|x64.ActiveCfg = Debug|Any CPU
		{20466487-E0B2-4DAD-883C-250CD3A9D295}.Debug|x64.Build.0 = Debug|Any CPU
		{20466487-E0B2-4DAD-883C-250CD3A9D295}.Debug|x86.ActiveCfg = Debug|Any CPU
		{20466487-E0B2-4DAD-883C-250CD3A9D295}.Debug|x86.Build.0 = Debug|Any CPU
		{20466487-E0B2-4DAD-883C-250CD3A9D295}.Release|Any CPU.ActiveCfg = Release|Any CPU
		{20466487-E0B2-4DAD-883C-250CD3A9D295}.Release|Any CPU.Build.0 = Release|Any CPU
		{20466487-E0B2-4DAD-883C-250CD3A9D295}.Release|x64.ActiveCfg = Release|Any CPU
		{20466487-E0B2-4DAD-883C-250CD3A9D295}.Release|x64.Build.0 = Release|Any CPU
		{20466487-E0B2-4DAD-883C-250CD3A9D295}.Release|x86.ActiveCfg = Release|Any CPU
		{20466487-E0B2-4DAD-883C-250CD3A9D295}.Release|x86.Build.0 = Release|Any CPU
		{514F0FDB-6725-4551-AE56-CE3F0CF4EB9F}.Debug|Any CPU.ActiveCfg = Debug|Any CPU
		{514F0FDB-6725-4551-AE56-CE3F0CF4EB9F}.Debug|Any CPU.Build.0 = Debug|Any CPU
		{514F0FDB-6725-4551-AE56-CE3F0CF4EB9F}.Debug|x64.ActiveCfg = Debug|Any CPU
		{514F0FDB-6725-4551-AE56-CE3F0CF4EB9F}.Debug|x64.Build.0 = Debug|Any CPU
		{514F0FDB-6725-4551-AE56-CE3F0CF4EB9F}.Debug|x86.ActiveCfg = Debug|Any CPU
		{514F0FDB-6725-4551-AE56-CE3F0CF4EB9F}.Debug|x86.Build.0 = Debug|Any CPU
		{514F0FDB-6725-4551-AE56-CE3F0CF4EB9F}.Release|Any CPU.ActiveCfg = Release|Any CPU
		{514F0FDB-6725-4551-AE56-CE3F0CF4EB9F}.Release|Any CPU.Build.0 = Release|Any CPU
		{514F0FDB-6725-4551-AE56-CE3F0CF4EB9F}.Release|x64.ActiveCfg = Release|Any CPU
		{514F0FDB-6725-4551-AE56-CE3F0CF4EB9F}.Release|x64.Build.0 = Release|Any CPU
		{514F0FDB-6725-4551-AE56-CE3F0CF4EB9F}.Release|x86.ActiveCfg = Release|Any CPU
		{514F0FDB-6725-4551-AE56-CE3F0CF4EB9F}.Release|x86.Build.0 = Release|Any CPU
		{519775C1-9D9E-4DA8-BEFB-39C8321F03A5}.Debug|Any CPU.ActiveCfg = Debug|Any CPU
		{519775C1-9D9E-4DA8-BEFB-39C8321F03A5}.Debug|Any CPU.Build.0 = Debug|Any CPU
		{519775C1-9D9E-4DA8-BEFB-39C8321F03A5}.Debug|x64.ActiveCfg = Debug|Any CPU
		{519775C1-9D9E-4DA8-BEFB-39C8321F03A5}.Debug|x64.Build.0 = Debug|Any CPU
		{519775C1-9D9E-4DA8-BEFB-39C8321F03A5}.Debug|x86.ActiveCfg = Debug|Any CPU
		{519775C1-9D9E-4DA8-BEFB-39C8321F03A5}.Debug|x86.Build.0 = Debug|Any CPU
		{519775C1-9D9E-4DA8-BEFB-39C8321F03A5}.Release|Any CPU.ActiveCfg = Release|Any CPU
		{519775C1-9D9E-4DA8-BEFB-39C8321F03A5}.Release|Any CPU.Build.0 = Release|Any CPU
		{519775C1-9D9E-4DA8-BEFB-39C8321F03A5}.Release|x64.ActiveCfg = Release|Any CPU
		{519775C1-9D9E-4DA8-BEFB-39C8321F03A5}.Release|x64.Build.0 = Release|Any CPU
		{519775C1-9D9E-4DA8-BEFB-39C8321F03A5}.Release|x86.ActiveCfg = Release|Any CPU
		{519775C1-9D9E-4DA8-BEFB-39C8321F03A5}.Release|x86.Build.0 = Release|Any CPU
		{407CA15E-D75E-4461-93AE-05E228E298BB}.Debug|Any CPU.ActiveCfg = Debug|Any CPU
		{407CA15E-D75E-4461-93AE-05E228E298BB}.Debug|Any CPU.Build.0 = Debug|Any CPU
		{407CA15E-D75E-4461-93AE-05E228E298BB}.Debug|x64.ActiveCfg = Debug|Any CPU
		{407CA15E-D75E-4461-93AE-05E228E298BB}.Debug|x64.Build.0 = Debug|Any CPU
		{407CA15E-D75E-4461-93AE-05E228E298BB}.Debug|x86.ActiveCfg = Debug|Any CPU
		{407CA15E-D75E-4461-93AE-05E228E298BB}.Debug|x86.Build.0 = Debug|Any CPU
		{407CA15E-D75E-4461-93AE-05E228E298BB}.Release|Any CPU.ActiveCfg = Release|Any CPU
		{407CA15E-D75E-4461-93AE-05E228E298BB}.Release|Any CPU.Build.0 = Release|Any CPU
		{407CA15E-D75E-4461-93AE-05E228E298BB}.Release|x64.ActiveCfg = Release|Any CPU
		{407CA15E-D75E-4461-93AE-05E228E298BB}.Release|x64.Build.0 = Release|Any CPU
		{407CA15E-D75E-4461-93AE-05E228E298BB}.Release|x86.ActiveCfg = Release|Any CPU
		{407CA15E-D75E-4461-93AE-05E228E298BB}.Release|x86.Build.0 = Release|Any CPU
		{4EB7E10A-3A6F-4E65-A717-878F873DAF3C}.Debug|Any CPU.ActiveCfg = Debug|Any CPU
		{4EB7E10A-3A6F-4E65-A717-878F873DAF3C}.Debug|Any CPU.Build.0 = Debug|Any CPU
		{4EB7E10A-3A6F-4E65-A717-878F873DAF3C}.Debug|x64.ActiveCfg = Debug|Any CPU
		{4EB7E10A-3A6F-4E65-A717-878F873DAF3C}.Debug|x64.Build.0 = Debug|Any CPU
		{4EB7E10A-3A6F-4E65-A717-878F873DAF3C}.Debug|x86.ActiveCfg = Debug|Any CPU
		{4EB7E10A-3A6F-4E65-A717-878F873DAF3C}.Debug|x86.Build.0 = Debug|Any CPU
		{4EB7E10A-3A6F-4E65-A717-878F873DAF3C}.Release|Any CPU.ActiveCfg = Release|Any CPU
		{4EB7E10A-3A6F-4E65-A717-878F873DAF3C}.Release|Any CPU.Build.0 = Release|Any CPU
		{4EB7E10A-3A6F-4E65-A717-878F873DAF3C}.Release|x64.ActiveCfg = Release|Any CPU
		{4EB7E10A-3A6F-4E65-A717-878F873DAF3C}.Release|x64.Build.0 = Release|Any CPU
		{4EB7E10A-3A6F-4E65-A717-878F873DAF3C}.Release|x86.ActiveCfg = Release|Any CPU
		{4EB7E10A-3A6F-4E65-A717-878F873DAF3C}.Release|x86.Build.0 = Release|Any CPU
		{65EA5238-0A41-416A-ADDF-80B9CE6BD99A}.Debug|Any CPU.ActiveCfg = Debug|Any CPU
		{65EA5238-0A41-416A-ADDF-80B9CE6BD99A}.Debug|Any CPU.Build.0 = Debug|Any CPU
		{65EA5238-0A41-416A-ADDF-80B9CE6BD99A}.Debug|x64.ActiveCfg = Debug|Any CPU
		{65EA5238-0A41-416A-ADDF-80B9CE6BD99A}.Debug|x64.Build.0 = Debug|Any CPU
		{65EA5238-0A41-416A-ADDF-80B9CE6BD99A}.Debug|x86.ActiveCfg = Debug|Any CPU
		{65EA5238-0A41-416A-ADDF-80B9CE6BD99A}.Debug|x86.Build.0 = Debug|Any CPU
		{65EA5238-0A41-416A-ADDF-80B9CE6BD99A}.Release|Any CPU.ActiveCfg = Release|Any CPU
		{65EA5238-0A41-416A-ADDF-80B9CE6BD99A}.Release|Any CPU.Build.0 = Release|Any CPU
		{65EA5238-0A41-416A-ADDF-80B9CE6BD99A}.Release|x64.ActiveCfg = Release|Any CPU
		{65EA5238-0A41-416A-ADDF-80B9CE6BD99A}.Release|x64.Build.0 = Release|Any CPU
		{65EA5238-0A41-416A-ADDF-80B9CE6BD99A}.Release|x86.ActiveCfg = Release|Any CPU
		{65EA5238-0A41-416A-ADDF-80B9CE6BD99A}.Release|x86.Build.0 = Release|Any CPU
		{1A12D31C-5185-41F8-A1C2-A1D2C58BF6D0}.Debug|Any CPU.ActiveCfg = Debug|Any CPU
		{1A12D31C-5185-41F8-A1C2-A1D2C58BF6D0}.Debug|Any CPU.Build.0 = Debug|Any CPU
		{1A12D31C-5185-41F8-A1C2-A1D2C58BF6D0}.Debug|x64.ActiveCfg = Debug|Any CPU
		{1A12D31C-5185-41F8-A1C2-A1D2C58BF6D0}.Debug|x64.Build.0 = Debug|Any CPU
		{1A12D31C-5185-41F8-A1C2-A1D2C58BF6D0}.Debug|x86.ActiveCfg = Debug|Any CPU
		{1A12D31C-5185-41F8-A1C2-A1D2C58BF6D0}.Debug|x86.Build.0 = Debug|Any CPU
		{1A12D31C-5185-41F8-A1C2-A1D2C58BF6D0}.Release|Any CPU.ActiveCfg = Release|Any CPU
		{1A12D31C-5185-41F8-A1C2-A1D2C58BF6D0}.Release|Any CPU.Build.0 = Release|Any CPU
		{1A12D31C-5185-41F8-A1C2-A1D2C58BF6D0}.Release|x64.ActiveCfg = Release|Any CPU
		{1A12D31C-5185-41F8-A1C2-A1D2C58BF6D0}.Release|x64.Build.0 = Release|Any CPU
		{1A12D31C-5185-41F8-A1C2-A1D2C58BF6D0}.Release|x86.ActiveCfg = Release|Any CPU
		{1A12D31C-5185-41F8-A1C2-A1D2C58BF6D0}.Release|x86.Build.0 = Release|Any CPU
	EndGlobalSection
	GlobalSection(SolutionProperties) = preSolution
		HideSolutionNode = FALSE
	EndGlobalSection
	GlobalSection(NestedProjects) = preSolution
		{8D626EA8-CB54-BC41-363A-217881BEBA6E} = {827E0CD3-B72D-47B6-A68D-7590B98EB39B}
		{E8420FA8-63ED-40DE-A9CF-057757D2C411} = {8D626EA8-CB54-BC41-363A-217881BEBA6E}
		{00EF7E6C-FB00-45C6-B431-20DD35D75E12} = {8D626EA8-CB54-BC41-363A-217881BEBA6E}
		{51337C8A-EA92-427D-A47F-191B84A1515E} = {8D626EA8-CB54-BC41-363A-217881BEBA6E}
		{BC4F62A8-8525-4E8A-B30D-064A0624EA3F} = {8D626EA8-CB54-BC41-363A-217881BEBA6E}
		{6DEE2133-EEAA-4E47-9308-503A136D0728} = {8D626EA8-CB54-BC41-363A-217881BEBA6E}
		{40D90C3A-0204-4426-9D5C-963A836224C7} = {827E0CD3-B72D-47B6-A68D-7590B98EB39B}
		{EC447DCF-ABFA-6E24-52A5-D7FD48A5C558} = {827E0CD3-B72D-47B6-A68D-7590B98EB39B}
		{0EC62A1A-9858-3A60-8A0C-FC9AACFA2EC7} = {EC447DCF-ABFA-6E24-52A5-D7FD48A5C558}
		{C4883027-D710-44CD-BB8E-3C06DB377C84} = {0EC62A1A-9858-3A60-8A0C-FC9AACFA2EC7}
		{A7F94AE1-9451-4749-8205-1DE26823A14F} = {0EC62A1A-9858-3A60-8A0C-FC9AACFA2EC7}
		{733E63E0-EDAC-4D95-BAE9-CB99FFBFB286} = {0EC62A1A-9858-3A60-8A0C-FC9AACFA2EC7}
		{20466487-E0B2-4DAD-883C-250CD3A9D295} = {0EC62A1A-9858-3A60-8A0C-FC9AACFA2EC7}
		{514F0FDB-6725-4551-AE56-CE3F0CF4EB9F} = {0EC62A1A-9858-3A60-8A0C-FC9AACFA2EC7}
		{DA0BA8AC-146F-3151-8AAB-4B1C3358FD7A} = {EC447DCF-ABFA-6E24-52A5-D7FD48A5C558}
		{519775C1-9D9E-4DA8-BEFB-39C8321F03A5} = {DA0BA8AC-146F-3151-8AAB-4B1C3358FD7A}
		{407CA15E-D75E-4461-93AE-05E228E298BB} = {DA0BA8AC-146F-3151-8AAB-4B1C3358FD7A}
		{4EB7E10A-3A6F-4E65-A717-878F873DAF3C} = {DA0BA8AC-146F-3151-8AAB-4B1C3358FD7A}
		{65EA5238-0A41-416A-ADDF-80B9CE6BD99A} = {DA0BA8AC-146F-3151-8AAB-4B1C3358FD7A}
		{1A12D31C-5185-41F8-A1C2-A1D2C58BF6D0} = {DA0BA8AC-146F-3151-8AAB-4B1C3358FD7A}
	EndGlobalSection
	GlobalSection(ExtensibilityGlobals) = postSolution
		SolutionGuid = {2AB83A4E-B57B-4C7A-A926-C09085781FEB}
	EndGlobalSection
EndGlobal
